
Microsoft Visual Studio Solution File, Format Version 12.00
# Visual Studio Version 17
VisualStudioVersion = 17.5.002.0
MinimumVisualStudioVersion = 10.0.40219.1
Project("{2150E333-8FDC-42A3-9474-1A3956D46DE8}") = "Assignment 2", "Assignment 2", "{B6A76DA0-019B-4D29-8664-CEF8A3124969}"
EndProject
Project("{9A19103F-16F7-4668-BE54-9A1E7A4F7556}") = "MyApp", "Assignment 2\MyApp\MyApp.csproj", "{E38D3D83-214A-464E-8375-E4A86756FA07}"
EndProject
Global
	GlobalSection(SolutionConfigurationPlatforms) = preSolution
		Debug|Any CPU = Debug|Any CPU
		Release|Any CPU = Release|Any CPU
	EndGlobalSection
	GlobalSection(ProjectConfigurationPlatforms) = postSolution
		{E38D3D83-214A-464E-8375-E4A86756FA07}.Debug|Any CPU.ActiveCfg = Debug|Any CPU
		{E38D3D83-214A-464E-8375-E4A86756FA07}.Debug|Any CPU.Build.0 = Debug|Any CPU
		{E38D3D83-214A-464E-8375-E4A86756FA07}.Release|Any CPU.ActiveCfg = Release|Any CPU
		{E38D3D83-214A-464E-8375-E4A86756FA07}.Release|Any CPU.Build.0 = Release|Any CPU
	EndGlobalSection
	GlobalSection(SolutionProperties) = preSolution
		HideSolutionNode = FALSE
	EndGlobalSection
	GlobalSection(NestedProjects) = preSolution
		{E38D3D83-214A-464E-8375-E4A86756FA07} = {B6A76DA0-019B-4D29-8664-CEF8A3124969}
	EndGlobalSection
	GlobalSection(ExtensibilityGlobals) = postSolution
		SolutionGuid = {74C8225E-D5CA-436A-9C18-9B4647A431DE}
	EndGlobalSection
EndGlobal
